
Microsoft Visual Studio Solution File, Format Version 12.00
# Visual Studio Version 17
VisualStudioVersion = 17.14.37111.16 d17.14
MinimumVisualStudioVersion = 10.0.40219.1
Project("{FAE04EC0-301F-11D3-BF4B-00C04F79EFBC}") = "CyberChatbot", "CyberChatbot\CyberChatbot.csproj", "{A1DBB638-FD96-4C33-93BF-B40101F81897}"
EndProject
Global
	GlobalSection(SolutionConfigurationPlatforms) = preSolution
		Debug|Any CPU = Debug|Any CPU
		Release|Any CPU = Release|Any CPU
	EndGlobalSection
	GlobalSection(ProjectConfigurationPlatforms) = postSolution
		{A1DBB638-FD96-4C33-93BF-B40101F81897}.Debug|Any CPU.ActiveCfg = Debug|Any CPU
		{A1DBB638-FD96-4C33-93BF-B40101F81897}.Debug|Any CPU.Build.0 = Debug|Any CPU
		{A1DBB638-FD96-4C33-93BF-B40101F81897}.Release|Any CPU.ActiveCfg = Release|Any CPU
		{A1DBB638-FD96-4C33-93BF-B40101F81897}.Release|Any CPU.Build.0 = Release|Any CPU
	EndGlobalSection
	GlobalSection(SolutionProperties) = preSolution
		HideSolutionNode = FALSE
	EndGlobalSection
	GlobalSection(ExtensibilityGlobals) = postSolution
		SolutionGuid = {3AA9EE9A-80E8-45F0-870D-0B2B961F3EC3}
	EndGlobalSection
EndGlobal
